<?xml version="1.0" encoding="utf-8"?>
<Project ToolsVersion="4.0" xmlns="http://schemas.microsoft.com/developer/msbuild/2003">
  <ItemGroup>
    <Filter Include="소스 파일">
      <UniqueIdentifier>{4FC737F1-C7A5-4376-A066-2A32D752A2FF}</UniqueIdentifier>
      <Extensions>cpp;c;cc;cxx;c++;cppm;ixx;def;odl;idl;hpj;bat;asm;asmx</Extensions>
    </Filter>
    <Filter Include="헤더 파일">
      <UniqueIdentifier>{93995380-89BD-4b04-88EB-625FBE52EBFB}</UniqueIdentifier>
      <Extensions>h;hh;hpp;hxx;h++;hm;inl;inc;ipp;xsd</Extensions>
    </Filter>
    <Filter Include="리소스 파일">
      <UniqueIdentifier>{67DA6AB6-F800-4c08-8B7A-83BB121AAD01}</UniqueIdentifier>
      <Extensions>rc;ico;cur;bmp;dlg;rc2;rct;bin;rgs;gif;jpg;jpeg;jpe;resx;tiff;tif;png;wav;mfcribbon-ms</Extensions>
    </Filter>
    <Filter Include="Scene">
      <UniqueIdentifier>{e44eec18-5c1c-499d-9540-cb250613798b}</UniqueIdentifier>
    </Filter>
    <Filter Include="Object">
      <UniqueIdentifier>{8b82dce4-441b-42fd-aecb-2ccb1b791249}</UniqueIdentifier>
    </Filter>
    <Filter Include="Component">
      <UniqueIdentifier>{4ec1df76-18c2-4bea-9058-24476de4fb79}</UniqueIdentifier>
    </Filter>
    <Filter Include="UI">
      <UniqueIdentifier>{9b94c38c-21df-4067-9d1f-cffe60b879ad}</UniqueIdentifier>
    </Filter>
    <Filter Include="Shader">
      <UniqueIdentifier>{fa77e1f2-55c6-410a-9cbb-4b5e57e72e64}</UniqueIdentifier>
    </Filter>
    <Filter Include="UI\UserWidget">
      <UniqueIdentifier>{cbe1fd15-6a5f-4097-a424-7d141c15a111}</UniqueIdentifier>
    </Filter>
    <Filter Include="Scene\Collision">
      <UniqueIdentifier>{65e4b891-b787-4203-89d5-2b4a5e0f7471}</UniqueIdentifier>
    </Filter>
    <Filter Include="Component\SceneComponent">
      <UniqueIdentifier>{d24730c2-16c6-4c5a-84f6-639c06b035e5}</UniqueIdentifier>
    </Filter>
    <Filter Include="Component\SceneComponent\Collider">
      <UniqueIdentifier>{20c5644e-4906-4f5e-86ed-7de6e424d7cd}</UniqueIdentifier>
    </Filter>
    <Filter Include="Component\SceneComponent\Collider\2D">
      <UniqueIdentifier>{81dcd6d0-36c3-495c-afa6-e87ebae84de5}</UniqueIdentifier>
    </Filter>
    <Filter Include="Data">
      <UniqueIdentifier>{27360e84-5699-4a21-9347-e1dbbe9fd32b}</UniqueIdentifier>
    </Filter>
    <Filter Include="Interface">
      <UniqueIdentifier>{79711572-08f7-479f-9aa0-26bb9df98bcc}</UniqueIdentifier>
    </Filter>
    <Filter Include="Etc">
      <UniqueIdentifier>{3c18f210-da75-4ee4-8ab6-8427756544e0}</UniqueIdentifier>
    </Filter>
  </ItemGroup>
  <ItemGroup>
    <ClCompile Include="main.cpp">
      <Filter>소스 파일</Filter>
    </ClCompile>
    <ClCompile Include="Component\ColliderBase.cpp">
      <Filter>Component\SceneComponent\Collider</Filter>
    </ClCompile>
    <ClCompile Include="Component\ColliderAABB2D.cpp">
      <Filter>Component\SceneComponent\Collider\2D</Filter>
    </ClCompile>
    <ClCompile Include="Scene\SceneCollision.cpp">
      <Filter>Scene\Collision</Filter>
    </ClCompile>
    <ClCompile Include="Scene\CollisionQuadTree.cpp">
      <Filter>Scene\Collision</Filter>
    </ClCompile>
    <ClCompile Include="Component\ColliderSphere2D.cpp">
      <Filter>Component\SceneComponent\Collider\2D</Filter>
    </ClCompile>
    <ClCompile Include="Component\ColliderOBB2D.cpp">
      <Filter>Component\SceneComponent\Collider\2D</Filter>
    </ClCompile>
    <ClCompile Include="Component\ColliderLine2D.cpp">
      <Filter>Component\SceneComponent\Collider\2D</Filter>
    </ClCompile>
    <ClCompile Include="Scene\SceneTitle.cpp">
      <Filter>Scene</Filter>
    </ClCompile>
    <ClCompile Include="UI\UserWidget\TitleWidget.cpp">
      <Filter>UI\UserWidget</Filter>
    </ClCompile>
    <ClCompile Include="Scene\SceneLobby.cpp">
      <Filter>Scene</Filter>
    </ClCompile>
    <ClCompile Include="UI\UserWidget\LobbyWidget.cpp">
      <Filter>UI\UserWidget</Filter>
    </ClCompile>
    <ClCompile Include="Object\PlayerGraphicObject.cpp">
      <Filter>Object</Filter>
    </ClCompile>
    <ClCompile Include="Scene\SceneInGame.cpp">
      <Filter>Scene</Filter>
    </ClCompile>
    <ClCompile Include="UI\UserWidget\InGameWidget.cpp">
      <Filter>UI\UserWidget</Filter>
    </ClCompile>
    <ClCompile Include="Scene\Collision.cpp">
      <Filter>Scene\Collision</Filter>
    </ClCompile>
    <ClCompile Include="Object\CameraObject.cpp">
      <Filter>Object</Filter>
    </ClCompile>
    <ClCompile Include="Object\LineGroupObject.cpp">
      <Filter>Object</Filter>
    </ClCompile>
    <ClCompile Include="Etc\CURL.cpp">
      <Filter>Etc</Filter>
    </ClCompile>
    <ClCompile Include="Etc\JsonController.cpp">
      <Filter>Etc</Filter>
    </ClCompile>
    <ClCompile Include="Etc\NotionDBController.cpp">
      <Filter>Etc</Filter>
    </ClCompile>
    <ClCompile Include="Etc\DataStorageManager.cpp">
      <Filter>Etc</Filter>
    </ClCompile>
    <ClCompile Include="Etc\TaskManager.cpp">
      <Filter>Etc</Filter>
    </ClCompile>
    <ClCompile Include="Etc\ProcessManager.cpp">
      <Filter>Etc</Filter>
    </ClCompile>
    <ClCompile Include="Object\PlayerInGameObject.cpp">
      <Filter>Object</Filter>
    </ClCompile>
    <ClCompile Include="Etc\MultiplayManager.cpp">
      <Filter>Etc</Filter>
    </ClCompile>
  </ItemGroup>
  <ItemGroup>
    <ClInclude Include="resource.h">
      <Filter>헤더 파일</Filter>
    </ClInclude>
    <ClInclude Include="Component\ColliderBase.h">
      <Filter>Component\SceneComponent\Collider</Filter>
    </ClInclude>
    <ClInclude Include="Component\ColliderAABB2D.h">
      <Filter>Component\SceneComponent\Collider\2D</Filter>
    </ClInclude>
    <ClInclude Include="Scene\SceneCollision.h">
      <Filter>Scene\Collision</Filter>
    </ClInclude>
    <ClInclude Include="Scene\CollisionQuadTree.h">
      <Filter>Scene\Collision</Filter>
    </ClInclude>
    <ClInclude Include="Component\ColliderSphere2D.h">
      <Filter>Component\SceneComponent\Collider\2D</Filter>
    </ClInclude>
    <ClInclude Include="Component\ColliderOBB2D.h">
      <Filter>Component\SceneComponent\Collider\2D</Filter>
    </ClInclude>
    <ClInclude Include="Component\ColliderLine2D.h">
      <Filter>Component\SceneComponent\Collider\2D</Filter>
    </ClInclude>
    <ClInclude Include="Scene\SceneTitle.h">
      <Filter>Scene</Filter>
    </ClInclude>
    <ClInclude Include="UI\UserWidget\TitleWidget.h">
      <Filter>UI\UserWidget</Filter>
    </ClInclude>
    <ClInclude Include="Scene\SceneLobby.h">
      <Filter>Scene</Filter>
    </ClInclude>
    <ClInclude Include="UI\UserWidget\LobbyWidget.h">
      <Filter>UI\UserWidget</Filter>
    </ClInclude>
    <ClInclude Include="Object\PlayerGraphicObject.h">
      <Filter>Object</Filter>
    </ClInclude>
    <ClInclude Include="Interface\IScenePlayerGraphicController.h">
      <Filter>Interface</Filter>
    </ClInclude>
    <ClInclude Include="Scene\SceneInGame.h">
      <Filter>Scene</Filter>
    </ClInclude>
    <ClInclude Include="UI\UserWidget\InGameWidget.h">
      <Filter>UI\UserWidget</Filter>
    </ClInclude>
    <ClInclude Include="Scene\Collision.h">
      <Filter>Scene\Collision</Filter>
    </ClInclude>
    <ClInclude Include="Object\CameraObject.h">
      <Filter>Object</Filter>
    </ClInclude>
    <ClInclude Include="Object\LineGroupObject.h">
      <Filter>Object</Filter>
    </ClInclude>
    <ClInclude Include="Etc\ConstValues.h">
      <Filter>Etc</Filter>
    </ClInclude>
    <ClInclude Include="Etc\CURL.h">
      <Filter>Etc</Filter>
    </ClInclude>
    <ClInclude Include="Etc\JsonContainer.h">
      <Filter>Etc</Filter>
    </ClInclude>
    <ClInclude Include="Etc\JsonController.h">
      <Filter>Etc</Filter>
    </ClInclude>
    <ClInclude Include="Etc\NotionDBController.h">
      <Filter>Etc</Filter>
    </ClInclude>
    <ClInclude Include="Etc\DataStorageManager.h">
      <Filter>Etc</Filter>
    </ClInclude>
    <ClInclude Include="Etc\TaskManager.h">
      <Filter>Etc</Filter>
    </ClInclude>
    <ClInclude Include="Etc\ZOrderContainer.h">
      <Filter>Etc</Filter>
    </ClInclude>
    <ClInclude Include="Interface\IScenePlayerInGameController.h">
      <Filter>Interface</Filter>
    </ClInclude>
    <ClInclude Include="Interface\IPlayerStatController.h">
      <Filter>Interface</Filter>
    </ClInclude>
    <ClInclude Include="Interface\IGamePlayStateController.h">
      <Filter>Interface</Filter>
    </ClInclude>
    <ClInclude Include="Interface\IGamePlayShakeController.h">
      <Filter>Interface</Filter>
    </ClInclude>
    <ClInclude Include="Etc\ProcessManager.h">
      <Filter>Etc</Filter>
    </ClInclude>
    <ClInclude Include="Object\PlayerInGameObject.h">
      <Filter>Object</Filter>
    </ClInclude>
    <ClInclude Include="Etc\MultiplayManager.h">
      <Filter>Etc</Filter>
    </ClInclude>
    <ClInclude Include="Interface\ISceneNetworkController.h">
      <Filter>Interface</Filter>
    </ClInclude>
    <ClInclude Include="Interface\IObjectNetworkController.h">
      <Filter>Interface</Filter>
    </ClInclude>
  </ItemGroup>
  <ItemGroup>
    <ResourceCompile Include="KDT2Framework.rc">
      <Filter>리소스 파일</Filter>
    </ResourceCompile>
  </ItemGroup>
  <ItemGroup>
    <Image Include="icon1.ico">
      <Filter>리소스 파일</Filter>
    </Image>
  </ItemGroup>
  <ItemGroup>
    <FxCompile Include="..\Bin\Shader\UI.fx">
      <Filter>Shader</Filter>
    </FxCompile>
    <FxCompile Include="..\Bin\Shader\ColorMesh.fx">
      <Filter>Shader</Filter>
    </FxCompile>
    <FxCompile Include="..\Bin\Shader\Mesh.fx">
      <Filter>Shader</Filter>
    </FxCompile>
    <FxCompile Include="..\Bin\Shader\Share.fx">
      <Filter>Shader</Filter>
    </FxCompile>
    <FxCompile Include="..\Bin\Shader\Sprite.fx">
      <Filter>Shader</Filter>
    </FxCompile>
    <FxCompile Include="..\Bin\Shader\TileMap.fx">
      <Filter>Shader</Filter>
    </FxCompile>
  </ItemGroup>
</Project>