<?xml version="1.0" encoding="utf-8"?>
<Project ToolsVersion="4.0" xmlns="http://schemas.microsoft.com/developer/msbuild/2003">
  <ItemGroup>
    <Filter Include="소스 파일">
      <UniqueIdentifier>{4FC737F1-C7A5-4376-A066-2A32D752A2FF}</UniqueIdentifier>
      <Extensions>cpp;c;cc;cxx;c++;cppm;ixx;def;odl;idl;hpj;bat;asm;asmx</Extensions>
    </Filter>
    <Filter Include="헤더 파일">
      <UniqueIdentifier>{93995380-89BD-4b04-88EB-625FBE52EBFB}</UniqueIdentifier>
      <Extensions>h;hh;hpp;hxx;h++;hm;inl;inc;ipp;xsd</Extensions>
    </Filter>
    <Filter Include="리소스 파일">
      <UniqueIdentifier>{67DA6AB6-F800-4c08-8B7A-83BB121AAD01}</UniqueIdentifier>
      <Extensions>rc;ico;cur;bmp;dlg;rc2;rct;bin;rgs;gif;jpg;jpeg;jpe;resx;tiff;tif;png;wav;mfcribbon-ms</Extensions>
    </Filter>
  </ItemGroup>
  <ItemGroup>
    <ClCompile Include="Component\TileMapRendererComponent.cpp">
      <Filter>소스 파일</Filter>
    </ClCompile>
    <ClCompile Include="Component\TileMapComponent.cpp">
      <Filter>소스 파일</Filter>
    </ClCompile>
    <ClCompile Include="Component\Tile.cpp">
      <Filter>소스 파일</Filter>
    </ClCompile>
    <ClCompile Include="UI\UserWidget\MouseWidget.cpp">
      <Filter>소스 파일</Filter>
    </ClCompile>
    <ClCompile Include="Render\RenderManager.cpp">
      <Filter>소스 파일</Filter>
    </ClCompile>
    <ClCompile Include="GameManager.cpp">
      <Filter>소스 파일</Filter>
    </ClCompile>
    <ClCompile Include="Component\WidgetComponent.cpp">
      <Filter>소스 파일</Filter>
    </ClCompile>
    <ClCompile Include="Component\SpriteComponent.cpp">
      <Filter>소스 파일</Filter>
    </ClCompile>
    <ClCompile Include="Component\MeshComponent.cpp">
      <Filter>소스 파일</Filter>
    </ClCompile>
    <ClCompile Include="Vector4D.cpp">
      <Filter>소스 파일</Filter>
    </ClCompile>
    <ClCompile Include="Object\SceneObject.cpp">
      <Filter>소스 파일</Filter>
    </ClCompile>
    <ClCompile Include="Object\SpriteEffect.cpp">
      <Filter>소스 파일</Filter>
    </ClCompile>
    <ClCompile Include="GameInfo.cpp">
      <Filter>소스 파일</Filter>
    </ClCompile>
    <ClCompile Include="Component\SceneComponent.cpp">
      <Filter>소스 파일</Filter>
    </ClCompile>
    <ClCompile Include="Component\Component.cpp">
      <Filter>소스 파일</Filter>
    </ClCompile>
    <ClCompile Include="Component\StaticMeshComponent.cpp">
      <Filter>소스 파일</Filter>
    </ClCompile>
    <ClCompile Include="Component\AudioComponent.cpp">
      <Filter>소스 파일</Filter>
    </ClCompile>
    <ClCompile Include="Component\InventoryComponent.cpp">
      <Filter>소스 파일</Filter>
    </ClCompile>
    <ClCompile Include="Component\RotationComponent.cpp">
      <Filter>소스 파일</Filter>
    </ClCompile>
    <ClCompile Include="Component\MovementComponent.cpp">
      <Filter>소스 파일</Filter>
    </ClCompile>
    <ClCompile Include="Component\CameraComponent.cpp">
      <Filter>소스 파일</Filter>
    </ClCompile>
    <ClCompile Include="Scene\Input.cpp">
      <Filter>소스 파일</Filter>
    </ClCompile>
    <ClCompile Include="Scene\Scene.cpp">
      <Filter>소스 파일</Filter>
    </ClCompile>
    <ClCompile Include="Scene\SceneManager.cpp">
      <Filter>소스 파일</Filter>
    </ClCompile>
    <ClCompile Include="Scene\SceneAssetManager.cpp">
      <Filter>소스 파일</Filter>
    </ClCompile>
    <ClCompile Include="Scene\SceneUIManager.cpp">
      <Filter>소스 파일</Filter>
    </ClCompile>
    <ClCompile Include="Scene\CameraManager.cpp">
      <Filter>소스 파일</Filter>
    </ClCompile>
    <ClCompile Include="Render\BlendState.cpp">
      <Filter>소스 파일</Filter>
    </ClCompile>
    <ClCompile Include="Render\RenderState.cpp">
      <Filter>소스 파일</Filter>
    </ClCompile>
    <ClCompile Include="Render\RenderStateManager.cpp">
      <Filter>소스 파일</Filter>
    </ClCompile>
    <ClCompile Include="Render\DepthStencilState.cpp">
      <Filter>소스 파일</Filter>
    </ClCompile>
    <ClCompile Include="UI\Common\Button.cpp">
      <Filter>소스 파일</Filter>
    </ClCompile>
    <ClCompile Include="UI\Common\ProgressBar.cpp">
      <Filter>소스 파일</Filter>
    </ClCompile>
    <ClCompile Include="UI\Common\TitleBar.cpp">
      <Filter>소스 파일</Filter>
    </ClCompile>
    <ClCompile Include="UI\Common\Image.cpp">
      <Filter>소스 파일</Filter>
    </ClCompile>
    <ClCompile Include="UI\Common\TextBlock.cpp">
      <Filter>소스 파일</Filter>
    </ClCompile>
    <ClCompile Include="UI\Widget.cpp">
      <Filter>소스 파일</Filter>
    </ClCompile>
    <ClCompile Include="UI\UserWidget\HeadInfo.cpp">
      <Filter>소스 파일</Filter>
    </ClCompile>
    <ClCompile Include="UI\UserWidget\Inventory.cpp">
      <Filter>소스 파일</Filter>
    </ClCompile>
    <ClCompile Include="UI\UserWidget\WindowWidget.cpp">
      <Filter>소스 파일</Filter>
    </ClCompile>
    <ClCompile Include="UI\UserWidget\UserWidget.cpp">
      <Filter>소스 파일</Filter>
    </ClCompile>
    <ClCompile Include="UI\UserWidget\Slot.cpp">
      <Filter>소스 파일</Filter>
    </ClCompile>
    <ClCompile Include="ProfileManager.cpp">
      <Filter>소스 파일</Filter>
    </ClCompile>
    <ClCompile Include="Vector3D.cpp">
      <Filter>소스 파일</Filter>
    </ClCompile>
    <ClCompile Include="Share\Log.cpp">
      <Filter>소스 파일</Filter>
    </ClCompile>
    <ClCompile Include="Share\Timer.cpp">
      <Filter>소스 파일</Filter>
    </ClCompile>
    <ClCompile Include="Share\Object.cpp">
      <Filter>소스 파일</Filter>
    </ClCompile>
    <ClCompile Include="Device.cpp">
      <Filter>소스 파일</Filter>
    </ClCompile>
    <ClCompile Include="Animation\Animation2D.cpp">
      <Filter>소스 파일</Filter>
    </ClCompile>
    <ClCompile Include="Animation\Animation2DSequence.cpp">
      <Filter>소스 파일</Filter>
    </ClCompile>
    <ClCompile Include="Object\MousePointer.cpp">
      <Filter>소스 파일</Filter>
    </ClCompile>
  </ItemGroup>
  <ItemGroup>
    <ClInclude Include="Object\MousePointer.h">
      <Filter>헤더 파일</Filter>
    </ClInclude>
    <ClInclude Include="GameInfo.h">
      <Filter>헤더 파일</Filter>
    </ClInclude>
    <ClInclude Include="Component\TileMapRendererComponent.h">
      <Filter>헤더 파일</Filter>
    </ClInclude>
    <ClInclude Include="Component\TileMapComponent.h">
      <Filter>헤더 파일</Filter>
    </ClInclude>
    <ClInclude Include="Component\Tile.h">
      <Filter>헤더 파일</Filter>
    </ClInclude>
    <ClInclude Include="UI\UserWidget\MouseWidget.h">
      <Filter>헤더 파일</Filter>
    </ClInclude>
    <ClInclude Include="Scene\SceneUIManager.h">
      <Filter>헤더 파일</Filter>
    </ClInclude>
    <ClInclude Include="Scene\SceneManager.h">
      <Filter>헤더 파일</Filter>
    </ClInclude>
    <ClInclude Include="Render\RenderManager.h">
      <Filter>헤더 파일</Filter>
    </ClInclude>
    <ClInclude Include="Object\SceneObject.h">
      <Filter>헤더 파일</Filter>
    </ClInclude>
    <ClInclude Include="Component\SceneComponent.h">
      <Filter>헤더 파일</Filter>
    </ClInclude>
    <ClInclude Include="Object\SpriteEffect.h">
      <Filter>헤더 파일</Filter>
    </ClInclude>
    <ClInclude Include="EngineMath.h">
      <Filter>헤더 파일</Filter>
    </ClInclude>
    <ClInclude Include="Component\StaticMeshComponent.h">
      <Filter>헤더 파일</Filter>
    </ClInclude>
    <ClInclude Include="Component\AudioComponent.h">
      <Filter>헤더 파일</Filter>
    </ClInclude>
    <ClInclude Include="Component\InventoryComponent.h">
      <Filter>헤더 파일</Filter>
    </ClInclude>
    <ClInclude Include="Component\RotationComponent.h">
      <Filter>헤더 파일</Filter>
    </ClInclude>
    <ClInclude Include="Component\MeshComponent.h">
      <Filter>헤더 파일</Filter>
    </ClInclude>
    <ClInclude Include="Component\MovementComponent.h">
      <Filter>헤더 파일</Filter>
    </ClInclude>
    <ClInclude Include="Component\CameraComponent.h">
      <Filter>헤더 파일</Filter>
    </ClInclude>
    <ClInclude Include="Component\WidgetComponent.h">
      <Filter>헤더 파일</Filter>
    </ClInclude>
    <ClInclude Include="Component\Component.h">
      <Filter>헤더 파일</Filter>
    </ClInclude>
    <ClInclude Include="Component\SpriteComponent.h">
      <Filter>헤더 파일</Filter>
    </ClInclude>
    <ClInclude Include="Scene\Input.h">
      <Filter>헤더 파일</Filter>
    </ClInclude>
    <ClInclude Include="Scene\Scene.h">
      <Filter>헤더 파일</Filter>
    </ClInclude>
    <ClInclude Include="Scene\SceneAssetManager.h">
      <Filter>헤더 파일</Filter>
    </ClInclude>
    <ClInclude Include="Scene\CameraManager.h">
      <Filter>헤더 파일</Filter>
    </ClInclude>
    <ClInclude Include="Matrix.h">
      <Filter>헤더 파일</Filter>
    </ClInclude>
    <ClInclude Include="Device.h">
      <Filter>헤더 파일</Filter>
    </ClInclude>
    <ClInclude Include="Vector4D.h">
      <Filter>헤더 파일</Filter>
    </ClInclude>
    <ClInclude Include="Render\RenderState.h">
      <Filter>헤더 파일</Filter>
    </ClInclude>
    <ClInclude Include="Render\RenderStateManager.h">
      <Filter>헤더 파일</Filter>
    </ClInclude>
    <ClInclude Include="Render\DepthStencilState.h">
      <Filter>헤더 파일</Filter>
    </ClInclude>
    <ClInclude Include="Render\BlendState.h">
      <Filter>헤더 파일</Filter>
    </ClInclude>
    <ClInclude Include="Vector2D.h">
      <Filter>헤더 파일</Filter>
    </ClInclude>
    <ClInclude Include="UI\UIInfo.h">
      <Filter>헤더 파일</Filter>
    </ClInclude>
    <ClInclude Include="UI\Widget.h">
      <Filter>헤더 파일</Filter>
    </ClInclude>
    <ClInclude Include="UI\Common\TitleBar.h">
      <Filter>헤더 파일</Filter>
    </ClInclude>
    <ClInclude Include="UI\Common\Image.h">
      <Filter>헤더 파일</Filter>
    </ClInclude>
    <ClInclude Include="UI\Common\TextBlock.h">
      <Filter>헤더 파일</Filter>
    </ClInclude>
    <ClInclude Include="UI\Common\Button.h">
      <Filter>헤더 파일</Filter>
    </ClInclude>
    <ClInclude Include="UI\Common\ProgressBar.h">
      <Filter>헤더 파일</Filter>
    </ClInclude>
    <ClInclude Include="UI\UserWidget\WindowWidget.h">
      <Filter>헤더 파일</Filter>
    </ClInclude>
    <ClInclude Include="UI\UserWidget\UserWidget.h">
      <Filter>헤더 파일</Filter>
    </ClInclude>
    <ClInclude Include="UI\UserWidget\Slot.h">
      <Filter>헤더 파일</Filter>
    </ClInclude>
    <ClInclude Include="UI\UserWidget\HeadInfo.h">
      <Filter>헤더 파일</Filter>
    </ClInclude>
    <ClInclude Include="UI\UserWidget\Inventory.h">
      <Filter>헤더 파일</Filter>
    </ClInclude>
    <ClInclude Include="Shader\Shader.h">
      <Filter>헤더 파일</Filter>
    </ClInclude>
    <ClInclude Include="Shader\ShaderManager.h">
      <Filter>헤더 파일</Filter>
    </ClInclude>
    <ClInclude Include="Share\Timer.h">
      <Filter>헤더 파일</Filter>
    </ClInclude>
    <ClInclude Include="Share\SharedPtr.h">
      <Filter>헤더 파일</Filter>
    </ClInclude>
    <ClInclude Include="Share\Log.h">
      <Filter>헤더 파일</Filter>
    </ClInclude>
    <ClInclude Include="Share\Object.h">
      <Filter>헤더 파일</Filter>
    </ClInclude>
    <ClInclude Include="GameManager.h">
      <Filter>헤더 파일</Filter>
    </ClInclude>
    <ClInclude Include="ProfileManager.h">
      <Filter>헤더 파일</Filter>
    </ClInclude>
    <ClInclude Include="Animation\Animation2DSequence.h">
      <Filter>헤더 파일</Filter>
    </ClInclude>
    <ClInclude Include="Animation\Animation2D.h">
      <Filter>헤더 파일</Filter>
    </ClInclude>
    <ClInclude Include="Vector3D.h">
      <Filter>헤더 파일</Filter>
    </ClInclude>
  </ItemGroup>
</Project>